dependencies:
- name: mysql
  repository: https://cycloid-onprem-helm-charts.s3.amazonaws.com/stable/mysql/
  version: 0.1.0
- name: redis
  repository: https://charts.bitnami.com/bitnami
  version: 21.2.5
- name: concourse
  repository: https://concourse-charts.storage.googleapis.com/
  version: 18.2.0
- name: vault
  repository: https://helm.releases.hashicorp.com
  version: 0.30.0
digest: sha256:ee1b6c2801a9d289b7878495379c7fe2200e3a70d612d270c4474ddd5b5c2db1
generated: "2025-08-28T16:16:32.127992666+02:00"
