dependencies:
- name: mysql
  repository: https://cycloid-onprem-helm-charts.s3.amazonaws.com/stable/mysql/
  version: 0.1.1
- name: redis
  repository: https://cycloid-onprem-helm-charts.s3.amazonaws.com/stable/redis/
  version: 0.2.0
- name: concourse
  repository: https://concourse-charts.storage.googleapis.com/
  version: 20.0.0
- name: vault
  repository: https://helm.releases.hashicorp.com
  version: 0.30.0
digest: sha256:8fcbb4f9b029916df5ecfc3ec1ba68b566fadadf2263cbc997c799f361ff61e0
generated: "2026-01-21T10:52:48.46586728+01:00"
