dependencies:
- name: mysql
  repository: https://cycloid-onprem-helm-charts.s3.amazonaws.com/stable/mysql/
  version: 0.1.0
- name: redis
  repository: https://cycloid-onprem-helm-charts.s3.amazonaws.com/stable/redis/
  version: 0.1.0
- name: concourse
  repository: https://concourse-charts.storage.googleapis.com/
  version: 19.0.0
- name: vault
  repository: https://helm.releases.hashicorp.com
  version: 0.30.0
digest: sha256:d33d76b59b6cf142c8259c7f99dd73172466cf61b10fba98bc260b7fed9a3208
generated: "2025-09-24T14:50:08.059889244+02:00"
